
Microsoft Visual Studio Solution File, Format Version 12.00
# Visual Studio Version 17
VisualStudioVersion = 17.11.35431.28
MinimumVisualStudioVersion = 10.0.40219.1
Project("{FAE04EC0-301F-11D3-BF4B-00C04F79EFBC}") = "xml", "xml\xml.csproj", "{C94F9AD0-DE5C-448D-88DE-A26F7E7949C5}"
EndProject
Global
	GlobalSection(SolutionConfigurationPlatforms) = preSolution
		Debug|Any CPU = Debug|Any CPU
		Release|Any CPU = Release|Any CPU
	EndGlobalSection
	GlobalSection(ProjectConfigurationPlatforms) = postSolution
		{C94F9AD0-DE5C-448D-88DE-A26F7E7949C5}.Debug|Any CPU.ActiveCfg = Debug|Any CPU
		{C94F9AD0-DE5C-448D-88DE-A26F7E7949C5}.Debug|Any CPU.Build.0 = Debug|Any CPU
		{C94F9AD0-DE5C-448D-88DE-A26F7E7949C5}.Release|Any CPU.ActiveCfg = Release|Any CPU
		{C94F9AD0-DE5C-448D-88DE-A26F7E7949C5}.Release|Any CPU.Build.0 = Release|Any CPU
	EndGlobalSection
	GlobalSection(SolutionProperties) = preSolution
		HideSolutionNode = FALSE
	EndGlobalSection
	GlobalSection(ExtensibilityGlobals) = postSolution
		SolutionGuid = {CA9F1340-6709-4CDB-A112-C95614E1ACBA}
	EndGlobalSection
EndGlobal
